// !$*UTF8*$!
{
	archiveVersion = 1;
	classes = {
	};
	objectVersion = 50;
	objects = {

/* Begin PBXBuildFile section */
		0B1C3E1626C663FC00157194 /* CircleImage.swift in Sources */ = {isa = PBXBuildFile; fileRef = 0B1C3E1526C663FC00157194 /* CircleImage.swift */; };
		0B2B66BF26C7CBCD005D2C4A /* landmarkData.json in Resources */ = {isa = PBXBuildFile; fileRef = 0B2B66BE26C7CBCD005D2C4A /* landmarkData.json */; };
		0B2B66C126C7CBE5005D2C4A /* Landmark.swift in Sources */ = {isa = PBXBuildFile; fileRef = 0B2B66C026C7CBE5005D2C4A /* Landmark.swift */; };
		0B2B66C326C7CD35005D2C4A /* ModelData.swift in Sources */ = {isa = PBXBuildFile; fileRef = 0B2B66C226C7CD35005D2C4A /* ModelData.swift */; };
		0B5DAECC26D4BF4A00880DC7 /* HexagonParameters.swift in Sources */ = {isa = PBXBuildFile; fileRef = 0B5DAECB26D4BF4A00880DC7 /* HexagonParameters.swift */; };
		0B5DAECE26D4C02E00880DC7 /* BadgeBackground.swift in Sources */ = {isa = PBXBuildFile; fileRef = 0B5DAECD26D4C02E00880DC7 /* BadgeBackground.swift */; };
		0B5DAED026D4C34000880DC7 /* BadgeSymbol.swift in Sources */ = {isa = PBXBuildFile; fileRef = 0B5DAECF26D4C34000880DC7 /* BadgeSymbol.swift */; };
		0B5DAED226D4C49E00880DC7 /* RotatedBadgeSymbol.swift in Sources */ = {isa = PBXBuildFile; fileRef = 0B5DAED126D4C49E00880DC7 /* RotatedBadgeSymbol.swift */; };
		0B5DAED426D4C4EE00880DC7 /* Badge.swift in Sources */ = {isa = PBXBuildFile; fileRef = 0B5DAED326D4C4EE00880DC7 /* Badge.swift */; };
		0B6B778B26D9E33400CC1520 /* CategoryHome.swift in Sources */ = {isa = PBXBuildFile; fileRef = 0B6B778A26D9E33400CC1520 /* CategoryHome.swift */; };
		0B6B778D26D9E4FA00CC1520 /* CategoryRow.swift in Sources */ = {isa = PBXBuildFile; fileRef = 0B6B778C26D9E4FA00CC1520 /* CategoryRow.swift */; };
		0B6B778F26D9EA2500CC1520 /* CategoryItem.swift in Sources */ = {isa = PBXBuildFile; fileRef = 0B6B778E26D9EA2500CC1520 /* CategoryItem.swift */; };
		0B6CD89F26DDFD1900252E9F /* Profile.swift in Sources */ = {isa = PBXBuildFile; fileRef = 0B6CD89E26DDFD1900252E9F /* Profile.swift */; };
		0B6CD8A226DDFDDD00252E9F /* ProfileHost.swift in Sources */ = {isa = PBXBuildFile; fileRef = 0B6CD8A126DDFDDC00252E9F /* ProfileHost.swift */; };
		0B6CD8A426DDFE5300252E9F /* ProfileSummary.swift in Sources */ = {isa = PBXBuildFile; fileRef = 0B6CD8A326DDFE5300252E9F /* ProfileSummary.swift */; };
		0B6CD8A626DDFF5400252E9F /* HikeBadge.swift in Sources */ = {isa = PBXBuildFile; fileRef = 0B6CD8A526DDFF5400252E9F /* HikeBadge.swift */; };
		0B6CD8A826DE03C100252E9F /* ProfileEditor.swift in Sources */ = {isa = PBXBuildFile; fileRef = 0B6CD8A726DE03C100252E9F /* ProfileEditor.swift */; };
		0B9D9DB326E1EBBC00054651 /* PageViewController.swift in Sources */ = {isa = PBXBuildFile; fileRef = 0B9D9DB226E1EBBC00054651 /* PageViewController.swift */; };
		0B9D9DB526E1ED6000054651 /* FeatureCard.swift in Sources */ = {isa = PBXBuildFile; fileRef = 0B9D9DB426E1ED6000054651 /* FeatureCard.swift */; };
		0B9D9DB726E1EF7200054651 /* PageView.swift in Sources */ = {isa = PBXBuildFile; fileRef = 0B9D9DB626E1EF7200054651 /* PageView.swift */; };
		0B9D9DB926E1FEFF00054651 /* PageControl.swift in Sources */ = {isa = PBXBuildFile; fileRef = 0B9D9DB826E1FEFF00054651 /* PageControl.swift */; };
		0BA4CD0F26D8AA4C00C284D2 /* hikeData.json in Resources */ = {isa = PBXBuildFile; fileRef = 0BA4CD0E26D8AA4C00C284D2 /* hikeData.json */; };
		0BA4CD1126D8AA8B00C284D2 /* Hike.swift in Sources */ = {isa = PBXBuildFile; fileRef = 0BA4CD1026D8AA8B00C284D2 /* Hike.swift */; };
		0BA4CD1726D8AB8F00C284D2 /* GraphCapsule.swift in Sources */ = {isa = PBXBuildFile; fileRef = 0BA4CD1326D8AB8F00C284D2 /* GraphCapsule.swift */; };
		0BA4CD1826D8AB8F00C284D2 /* HikeGraph.swift in Sources */ = {isa = PBXBuildFile; fileRef = 0BA4CD1426D8AB8F00C284D2 /* HikeGraph.swift */; };
		0BA4CD1926D8AB8F00C284D2 /* HikeDetail.swift in Sources */ = {isa = PBXBuildFile; fileRef = 0BA4CD1526D8AB8F00C284D2 /* HikeDetail.swift */; };
		0BA4CD1A26D8AB8F00C284D2 /* HikeView.swift in Sources */ = {isa = PBXBuildFile; fileRef = 0BA4CD1626D8AB8F00C284D2 /* HikeView.swift */; };
		0BCC9FA326E5CD1600823B09 /* Assets.xcassets in Resources */ = {isa = PBXBuildFile; fileRef = 0BCC9FA226E5CD1600823B09 /* Assets.xcassets */; };
		0BCC9FAA26E5CD1600823B09 /* WatchLandmarks Extension.appex in Embed App Extensions */ = {isa = PBXBuildFile; fileRef = 0BCC9FA926E5CD1600823B09 /* WatchLandmarks Extension.appex */; settings = {ATTRIBUTES = (RemoveHeadersOnCopy, ); }; };
		0BCC9FB126E5CD1600823B09 /* ContentView.swift in Sources */ = {isa = PBXBuildFile; fileRef = 0BCC9FB026E5CD1600823B09 /* ContentView.swift */; };
		0BCC9FB326E5CD1600823B09 /* NotificationController.swift in Sources */ = {isa = PBXBuildFile; fileRef = 0BCC9FB226E5CD1600823B09 /* NotificationController.swift */; };
		0BCC9FB526E5CD1600823B09 /* NotificationView.swift in Sources */ = {isa = PBXBuildFile; fileRef = 0BCC9FB426E5CD1600823B09 /* NotificationView.swift */; };
		0BCC9FB726E5CD1600823B09 /* ComplicationController.swift in Sources */ = {isa = PBXBuildFile; fileRef = 0BCC9FB626E5CD1600823B09 /* ComplicationController.swift */; };
		0BCC9FB926E5CD1700823B09 /* Assets.xcassets in Resources */ = {isa = PBXBuildFile; fileRef = 0BCC9FB826E5CD1700823B09 /* Assets.xcassets */; };
		0BCC9FBC26E5CD1700823B09 /* Preview Assets.xcassets in Resources */ = {isa = PBXBuildFile; fileRef = 0BCC9FBB26E5CD1700823B09 /* Preview Assets.xcassets */; };
		0BCC9FC126E5CD1700823B09 /* WatchLandmarks.app in Embed Watch Content */ = {isa = PBXBuildFile; fileRef = 0BCC9FA026E5CD1500823B09 /* WatchLandmarks.app */; settings = {ATTRIBUTES = (RemoveHeadersOnCopy, ); }; };
		0BCC9FCA26E5CE3F00823B09 /* LandmarkList.swift in Sources */ = {isa = PBXBuildFile; fileRef = 0BFBC51926CB7A3D000F6EE4 /* LandmarkList.swift */; };
		0BCC9FCB26E5CE3F00823B09 /* Profile.swift in Sources */ = {isa = PBXBuildFile; fileRef = 0B6CD89E26DDFD1900252E9F /* Profile.swift */; };
		0BCC9FCC26E5CE3F00823B09 /* landmarkData.json in Resources */ = {isa = PBXBuildFile; fileRef = 0B2B66BE26C7CBCD005D2C4A /* landmarkData.json */; };
		0BCC9FCE26E5CE3F00823B09 /* Landmark.swift in Sources */ = {isa = PBXBuildFile; fileRef = 0B2B66C026C7CBE5005D2C4A /* Landmark.swift */; };
		0BCC9FCF26E5CE3F00823B09 /* Assets.xcassets in Resources */ = {isa = PBXBuildFile; fileRef = 0BDD85B426C62C180002BBEF /* Assets.xcassets */; };
		0BCC9FD026E5CE3F00823B09 /* hikeData.json in Resources */ = {isa = PBXBuildFile; fileRef = 0BA4CD0E26D8AA4C00C284D2 /* hikeData.json */; };
		0BCC9FD126E5CE3F00823B09 /* CircleImage.swift in Sources */ = {isa = PBXBuildFile; fileRef = 0B1C3E1526C663FC00157194 /* CircleImage.swift */; };
		0BCC9FD226E5CE3F00823B09 /* LandmarkRow.swift in Sources */ = {isa = PBXBuildFile; fileRef = 0BFBC51726CB793B000F6EE4 /* LandmarkRow.swift */; };
		0BCC9FD326E5CE3F00823B09 /* MapView.swift in Sources */ = {isa = PBXBuildFile; fileRef = 0BE63BF026C7658E00FFB416 /* MapView.swift */; };
		0BCC9FD426E5CE3F00823B09 /* ModelData.swift in Sources */ = {isa = PBXBuildFile; fileRef = 0B2B66C226C7CD35005D2C4A /* ModelData.swift */; };
		0BCC9FD526E5CE3F00823B09 /* Hike.swift in Sources */ = {isa = PBXBuildFile; fileRef = 0BA4CD1026D8AA8B00C284D2 /* Hike.swift */; };
		0BCC9FD726E5CEEC00823B09 /* LandmarkDetail.swift in Sources */ = {isa = PBXBuildFile; fileRef = 0BCC9FD626E5CEEC00823B09 /* LandmarkDetail.swift */; };
		0BCC9FD826E5D4D700823B09 /* LandmarksApp.swift in Sources */ = {isa = PBXBuildFile; fileRef = 0BDD85B026C62C170002BBEF /* LandmarksApp.swift */; };
		0BDD85B126C62C170002BBEF /* LandmarksApp.swift in Sources */ = {isa = PBXBuildFile; fileRef = 0BDD85B026C62C170002BBEF /* LandmarksApp.swift */; };
		0BDD85B326C62C170002BBEF /* ContentView.swift in Sources */ = {isa = PBXBuildFile; fileRef = 0BDD85B226C62C170002BBEF /* ContentView.swift */; };
		0BDD85B526C62C180002BBEF /* Assets.xcassets in Resources */ = {isa = PBXBuildFile; fileRef = 0BDD85B426C62C180002BBEF /* Assets.xcassets */; };
		0BDD85B826C62C180002BBEF /* Preview Assets.xcassets in Resources */ = {isa = PBXBuildFile; fileRef = 0BDD85B726C62C180002BBEF /* Preview Assets.xcassets */; };
		0BE63BF126C7658E00FFB416 /* MapView.swift in Sources */ = {isa = PBXBuildFile; fileRef = 0BE63BF026C7658E00FFB416 /* MapView.swift */; };
		0BF8C1AD26CC984E00110137 /* FavoriteButton.swift in Sources */ = {isa = PBXBuildFile; fileRef = 0BF8C1AC26CC984E00110137 /* FavoriteButton.swift */; };
		0BFBC51826CB793B000F6EE4 /* LandmarkRow.swift in Sources */ = {isa = PBXBuildFile; fileRef = 0BFBC51726CB793B000F6EE4 /* LandmarkRow.swift */; };
		0BFBC51A26CB7A3D000F6EE4 /* LandmarkList.swift in Sources */ = {isa = PBXBuildFile; fileRef = 0BFBC51926CB7A3D000F6EE4 /* LandmarkList.swift */; };
		0BFBC51C26CB7B02000F6EE4 /* LandmarkDetail.swift in Sources */ = {isa = PBXBuildFile; fileRef = 0BFBC51B26CB7B02000F6EE4 /* LandmarkDetail.swift */; };
/* End PBXBuildFile section */

/* Begin PBXContainerItemProxy section */
		0BCC9FAB26E5CD1600823B09 /* PBXContainerItemProxy */ = {
			isa = PBXContainerItemProxy;
			containerPortal = 0BDD85A526C62C170002BBEF /* Project object */;
			proxyType = 1;
			remoteGlobalIDString = 0BCC9FA826E5CD1600823B09;
			remoteInfo = "WatchLandmarks Extension";
		};
		0BCC9FBF26E5CD1700823B09 /* PBXContainerItemProxy */ = {
			isa = PBXContainerItemProxy;
			containerPortal = 0BDD85A526C62C170002BBEF /* Project object */;
			proxyType = 1;
			remoteGlobalIDString = 0BCC9F9F26E5CD1500823B09;
			remoteInfo = WatchLandmarks;
		};
/* End PBXContainerItemProxy section */

/* Begin PBXCopyFilesBuildPhase section */
		0BCC9FC226E5CD1700823B09 /* Embed Watch Content */ = {
			isa = PBXCopyFilesBuildPhase;
			buildActionMask = 2147483647;
			dstPath = "$(CONTENTS_FOLDER_PATH)/Watch";
			dstSubfolderSpec = 16;
			files = (
				0BCC9FC126E5CD1700823B09 /* WatchLandmarks.app in Embed Watch Content */,
			);
			name = "Embed Watch Content";
			runOnlyForDeploymentPostprocessing = 0;
		};
		0BCC9FC526E5CD1700823B09 /* Embed App Extensions */ = {
			isa = PBXCopyFilesBuildPhase;
			buildActionMask = 2147483647;
			dstPath = "";
			dstSubfolderSpec = 13;
			files = (
				0BCC9FAA26E5CD1600823B09 /* WatchLandmarks Extension.appex in Embed App Extensions */,
			);
			name = "Embed App Extensions";
			runOnlyForDeploymentPostprocessing = 0;
		};
/* End PBXCopyFilesBuildPhase section */

/* Begin PBXFileReference section */
		0B1C3E1526C663FC00157194 /* CircleImage.swift */ = {isa = PBXFileReference; lastKnownFileType = sourcecode.swift; path = CircleImage.swift; sourceTree = "<group>"; };
		0B2B66BE26C7CBCD005D2C4A /* landmarkData.json */ = {isa = PBXFileReference; fileEncoding = 4; lastKnownFileType = text.json; path = landmarkData.json; sourceTree = "<group>"; };
		0B2B66C026C7CBE5005D2C4A /* Landmark.swift */ = {isa = PBXFileReference; lastKnownFileType = sourcecode.swift; path = Landmark.swift; sourceTree = "<group>"; };
		0B2B66C226C7CD35005D2C4A /* ModelData.swift */ = {isa = PBXFileReference; lastKnownFileType = sourcecode.swift; path = ModelData.swift; sourceTree = "<group>"; };
		0B5DAECB26D4BF4A00880DC7 /* HexagonParameters.swift */ = {isa = PBXFileReference; lastKnownFileType = sourcecode.swift; path = HexagonParameters.swift; sourceTree = "<group>"; };
		0B5DAECD26D4C02E00880DC7 /* BadgeBackground.swift */ = {isa = PBXFileReference; lastKnownFileType = sourcecode.swift; path = BadgeBackground.swift; sourceTree = "<group>"; };
		0B5DAECF26D4C34000880DC7 /* BadgeSymbol.swift */ = {isa = PBXFileReference; lastKnownFileType = sourcecode.swift; path = BadgeSymbol.swift; sourceTree = "<group>"; };
		0B5DAED126D4C49E00880DC7 /* RotatedBadgeSymbol.swift */ = {isa = PBXFileReference; lastKnownFileType = sourcecode.swift; path = RotatedBadgeSymbol.swift; sourceTree = "<group>"; };
		0B5DAED326D4C4EE00880DC7 /* Badge.swift */ = {isa = PBXFileReference; lastKnownFileType = sourcecode.swift; path = Badge.swift; sourceTree = "<group>"; };
		0B6B778A26D9E33400CC1520 /* CategoryHome.swift */ = {isa = PBXFileReference; lastKnownFileType = sourcecode.swift; path = CategoryHome.swift; sourceTree = "<group>"; };
		0B6B778C26D9E4FA00CC1520 /* CategoryRow.swift */ = {isa = PBXFileReference; lastKnownFileType = sourcecode.swift; path = CategoryRow.swift; sourceTree = "<group>"; };
		0B6B778E26D9EA2500CC1520 /* CategoryItem.swift */ = {isa = PBXFileReference; lastKnownFileType = sourcecode.swift; path = CategoryItem.swift; sourceTree = "<group>"; };
		0B6CD89E26DDFD1900252E9F /* Profile.swift */ = {isa = PBXFileReference; lastKnownFileType = sourcecode.swift; path = Profile.swift; sourceTree = "<group>"; };
		0B6CD8A126DDFDDC00252E9F /* ProfileHost.swift */ = {isa = PBXFileReference; lastKnownFileType = sourcecode.swift; path = ProfileHost.swift; sourceTree = "<group>"; };
		0B6CD8A326DDFE5300252E9F /* ProfileSummary.swift */ = {isa = PBXFileReference; lastKnownFileType = sourcecode.swift; path = ProfileSummary.swift; sourceTree = "<group>"; };
		0B6CD8A526DDFF5400252E9F /* HikeBadge.swift */ = {isa = PBXFileReference; lastKnownFileType = sourcecode.swift; path = HikeBadge.swift; sourceTree = "<group>"; };
		0B6CD8A726DE03C100252E9F /* ProfileEditor.swift */ = {isa = PBXFileReference; lastKnownFileType = sourcecode.swift; path = ProfileEditor.swift; sourceTree = "<group>"; };
		0B9D9DB226E1EBBC00054651 /* PageViewController.swift */ = {isa = PBXFileReference; lastKnownFileType = sourcecode.swift; path = PageViewController.swift; sourceTree = "<group>"; };
		0B9D9DB426E1ED6000054651 /* FeatureCard.swift */ = {isa = PBXFileReference; lastKnownFileType = sourcecode.swift; path = FeatureCard.swift; sourceTree = "<group>"; };
		0B9D9DB626E1EF7200054651 /* PageView.swift */ = {isa = PBXFileReference; lastKnownFileType = sourcecode.swift; path = PageView.swift; sourceTree = "<group>"; };
		0B9D9DB826E1FEFF00054651 /* PageControl.swift */ = {isa = PBXFileReference; lastKnownFileType = sourcecode.swift; path = PageControl.swift; sourceTree = "<group>"; };
		0BA4CD0E26D8AA4C00C284D2 /* hikeData.json */ = {isa = PBXFileReference; fileEncoding = 4; lastKnownFileType = text.json; path = hikeData.json; sourceTree = "<group>"; };
		0BA4CD1026D8AA8B00C284D2 /* Hike.swift */ = {isa = PBXFileReference; lastKnownFileType = sourcecode.swift; path = Hike.swift; sourceTree = "<group>"; };
		0BA4CD1326D8AB8F00C284D2 /* GraphCapsule.swift */ = {isa = PBXFileReference; fileEncoding = 4; lastKnownFileType = sourcecode.swift; path = GraphCapsule.swift; sourceTree = "<group>"; };
		0BA4CD1426D8AB8F00C284D2 /* HikeGraph.swift */ = {isa = PBXFileReference; fileEncoding = 4; lastKnownFileType = sourcecode.swift; path = HikeGraph.swift; sourceTree = "<group>"; };
		0BA4CD1526D8AB8F00C284D2 /* HikeDetail.swift */ = {isa = PBXFileReference; fileEncoding = 4; lastKnownFileType = sourcecode.swift; path = HikeDetail.swift; sourceTree = "<group>"; };
		0BA4CD1626D8AB8F00C284D2 /* HikeView.swift */ = {isa = PBXFileReference; fileEncoding = 4; lastKnownFileType = sourcecode.swift; path = HikeView.swift; sourceTree = "<group>"; };
		0BCC9FA026E5CD1500823B09 /* WatchLandmarks.app */ = {isa = PBXFileReference; explicitFileType = wrapper.application; includeInIndex = 0; path = WatchLandmarks.app; sourceTree = BUILT_PRODUCTS_DIR; };
		0BCC9FA226E5CD1600823B09 /* Assets.xcassets */ = {isa = PBXFileReference; lastKnownFileType = folder.assetcatalog; path = Assets.xcassets; sourceTree = "<group>"; };
		0BCC9FA426E5CD1600823B09 /* Info.plist */ = {isa = PBXFileReference; lastKnownFileType = text.plist.xml; path = Info.plist; sourceTree = "<group>"; };
		0BCC9FA926E5CD1600823B09 /* WatchLandmarks Extension.appex */ = {isa = PBXFileReference; explicitFileType = "wrapper.app-extension"; includeInIndex = 0; path = "WatchLandmarks Extension.appex"; sourceTree = BUILT_PRODUCTS_DIR; };
		0BCC9FB026E5CD1600823B09 /* ContentView.swift */ = {isa = PBXFileReference; lastKnownFileType = sourcecode.swift; path = ContentView.swift; sourceTree = "<group>"; };
		0BCC9FB226E5CD1600823B09 /* NotificationController.swift */ = {isa = PBXFileReference; lastKnownFileType = sourcecode.swift; path = NotificationController.swift; sourceTree = "<group>"; };
		0BCC9FB426E5CD1600823B09 /* NotificationView.swift */ = {isa = PBXFileReference; lastKnownFileType = sourcecode.swift; path = NotificationView.swift; sourceTree = "<group>"; };
		0BCC9FB626E5CD1600823B09 /* ComplicationController.swift */ = {isa = PBXFileReference; lastKnownFileType = sourcecode.swift; path = ComplicationController.swift; sourceTree = "<group>"; };
		0BCC9FB826E5CD1700823B09 /* Assets.xcassets */ = {isa = PBXFileReference; lastKnownFileType = folder.assetcatalog; path = Assets.xcassets; sourceTree = "<group>"; };
		0BCC9FBB26E5CD1700823B09 /* Preview Assets.xcassets */ = {isa = PBXFileReference; lastKnownFileType = folder.assetcatalog; path = "Preview Assets.xcassets"; sourceTree = "<group>"; };
		0BCC9FBD26E5CD1700823B09 /* Info.plist */ = {isa = PBXFileReference; lastKnownFileType = text.plist.xml; path = Info.plist; sourceTree = "<group>"; };
		0BCC9FBE26E5CD1700823B09 /* PushNotificationPayload.apns */ = {isa = PBXFileReference; lastKnownFileType = text; path = PushNotificationPayload.apns; sourceTree = "<group>"; };
		0BCC9FD626E5CEEC00823B09 /* LandmarkDetail.swift */ = {isa = PBXFileReference; lastKnownFileType = sourcecode.swift; path = LandmarkDetail.swift; sourceTree = "<group>"; };
		0BDD85AD26C62C170002BBEF /* Landmarks.app */ = {isa = PBXFileReference; explicitFileType = wrapper.application; includeInIndex = 0; path = Landmarks.app; sourceTree = BUILT_PRODUCTS_DIR; };
		0BDD85B026C62C170002BBEF /* LandmarksApp.swift */ = {isa = PBXFileReference; lastKnownFileType = sourcecode.swift; path = LandmarksApp.swift; sourceTree = "<group>"; };
		0BDD85B226C62C170002BBEF /* ContentView.swift */ = {isa = PBXFileReference; lastKnownFileType = sourcecode.swift; path = ContentView.swift; sourceTree = "<group>"; };
		0BDD85B426C62C180002BBEF /* Assets.xcassets */ = {isa = PBXFileReference; lastKnownFileType = folder.assetcatalog; path = Assets.xcassets; sourceTree = "<group>"; };
		0BDD85B726C62C180002BBEF /* Preview Assets.xcassets */ = {isa = PBXFileReference; lastKnownFileType = folder.assetcatalog; path = "Preview Assets.xcassets"; sourceTree = "<group>"; };
		0BDD85B926C62C180002BBEF /* Info.plist */ = {isa = PBXFileReference; lastKnownFileType = text.plist.xml; path = Info.plist; sourceTree = "<group>"; };
		0BE63BF026C7658E00FFB416 /* MapView.swift */ = {isa = PBXFileReference; lastKnownFileType = sourcecode.swift; path = MapView.swift; sourceTree = "<group>"; };
		0BF8C1AC26CC984E00110137 /* FavoriteButton.swift */ = {isa = PBXFileReference; lastKnownFileType = sourcecode.swift; path = FavoriteButton.swift; sourceTree = "<group>"; };
		0BFBC51726CB793B000F6EE4 /* LandmarkRow.swift */ = {isa = PBXFileReference; lastKnownFileType = sourcecode.swift; path = LandmarkRow.swift; sourceTree = "<group>"; };
		0BFBC51926CB7A3D000F6EE4 /* LandmarkList.swift */ = {isa = PBXFileReference; lastKnownFileType = sourcecode.swift; path = LandmarkList.swift; sourceTree = "<group>"; };
		0BFBC51B26CB7B02000F6EE4 /* LandmarkDetail.swift */ = {isa = PBXFileReference; lastKnownFileType = sourcecode.swift; path = LandmarkDetail.swift; sourceTree = "<group>"; };
/* End PBXFileReference section */

/* Begin PBXFrameworksBuildPhase section */
		0BCC9FA626E5CD1600823B09 /* Frameworks */ = {
			isa = PBXFrameworksBuildPhase;
			buildActionMask = 2147483647;
			files = (
			);
			runOnlyForDeploymentPostprocessing = 0;
		};
		0BDD85AA26C62C170002BBEF /* Frameworks */ = {
			isa = PBXFrameworksBuildPhase;
			buildActionMask = 2147483647;
			files = (
			);
			runOnlyForDeploymentPostprocessing = 0;
		};
/* End PBXFrameworksBuildPhase section */

/* Begin PBXGroup section */
		0B5DAED526D4C63B00880DC7 /* Badges */ = {
			isa = PBXGroup;
			children = (
				0B5DAED326D4C4EE00880DC7 /* Badge.swift */,
				0B5DAECD26D4C02E00880DC7 /* BadgeBackground.swift */,
				0B5DAECF26D4C34000880DC7 /* BadgeSymbol.swift */,
				0B5DAED126D4C49E00880DC7 /* RotatedBadgeSymbol.swift */,
				0B5DAECB26D4BF4A00880DC7 /* HexagonParameters.swift */,
			);
			path = Badges;
			sourceTree = "<group>";
		};
		0B6B778926D9E31000CC1520 /* Categories */ = {
			isa = PBXGroup;
			children = (
				0B6B778A26D9E33400CC1520 /* CategoryHome.swift */,
				0B6B778C26D9E4FA00CC1520 /* CategoryRow.swift */,
				0B6B778E26D9EA2500CC1520 /* CategoryItem.swift */,
			);
			path = Categories;
			sourceTree = "<group>";
		};
		0B6CD8A026DDFDC300252E9F /* Profiles */ = {
			isa = PBXGroup;
			children = (
				0B6CD8A126DDFDDC00252E9F /* ProfileHost.swift */,
				0B6CD8A326DDFE5300252E9F /* ProfileSummary.swift */,
				0B6CD8A726DE03C100252E9F /* ProfileEditor.swift */,
			);
			path = Profiles;
			sourceTree = "<group>";
		};
		0B9D9DB126E1EB8F00054651 /* PageView */ = {
			isa = PBXGroup;
			children = (
				0B9D9DB226E1EBBC00054651 /* PageViewController.swift */,
				0B9D9DB426E1ED6000054651 /* FeatureCard.swift */,
				0B9D9DB626E1EF7200054651 /* PageView.swift */,
				0B9D9DB826E1FEFF00054651 /* PageControl.swift */,
			);
			path = PageView;
			sourceTree = "<group>";
		};
		0BA4CD1226D8AB8F00C284D2 /* Hikes */ = {
			isa = PBXGroup;
			children = (
				0BA4CD1326D8AB8F00C284D2 /* GraphCapsule.swift */,
				0BA4CD1426D8AB8F00C284D2 /* HikeGraph.swift */,
				0BA4CD1526D8AB8F00C284D2 /* HikeDetail.swift */,
				0BA4CD1626D8AB8F00C284D2 /* HikeView.swift */,
				0B6CD8A526DDFF5400252E9F /* HikeBadge.swift */,
			);
			path = Hikes;
			sourceTree = "<group>";
		};
		0BCC9FA126E5CD1500823B09 /* WatchLandmarks */ = {
			isa = PBXGroup;
			children = (
				0BCC9FA226E5CD1600823B09 /* Assets.xcassets */,
				0BCC9FA426E5CD1600823B09 /* Info.plist */,
			);
			path = WatchLandmarks;
			sourceTree = "<group>";
		};
		0BCC9FAD26E5CD1600823B09 /* WatchLandmarks Extension */ = {
			isa = PBXGroup;
			children = (
				0BCC9FB026E5CD1600823B09 /* ContentView.swift */,
				0BCC9FB226E5CD1600823B09 /* NotificationController.swift */,
				0BCC9FB426E5CD1600823B09 /* NotificationView.swift */,
				0BCC9FB626E5CD1600823B09 /* ComplicationController.swift */,
				0BCC9FB826E5CD1700823B09 /* Assets.xcassets */,
				0BCC9FBD26E5CD1700823B09 /* Info.plist */,
				0BCC9FBE26E5CD1700823B09 /* PushNotificationPayload.apns */,
				0BCC9FBA26E5CD1700823B09 /* Preview Content */,
				0BCC9FD626E5CEEC00823B09 /* LandmarkDetail.swift */,
			);
			path = "WatchLandmarks Extension";
			sourceTree = "<group>";
		};
		0BCC9FBA26E5CD1700823B09 /* Preview Content */ = {
			isa = PBXGroup;
			children = (
				0BCC9FBB26E5CD1700823B09 /* Preview Assets.xcassets */,
			);
			path = "Preview Content";
			sourceTree = "<group>";
		};
		0BDD85A426C62C170002BBEF = {
			isa = PBXGroup;
			children = (
				0BDD85AF26C62C170002BBEF /* Landmarks */,
				0BCC9FA126E5CD1500823B09 /* WatchLandmarks */,
				0BCC9FAD26E5CD1600823B09 /* WatchLandmarks Extension */,
				0BDD85AE26C62C170002BBEF /* Products */,
			);
			sourceTree = "<group>";
		};
		0BDD85AE26C62C170002BBEF /* Products */ = {
			isa = PBXGroup;
			children = (
				0BDD85AD26C62C170002BBEF /* Landmarks.app */,
				0BCC9FA026E5CD1500823B09 /* WatchLandmarks.app */,
				0BCC9FA926E5CD1600823B09 /* WatchLandmarks Extension.appex */,
			);
			name = Products;
			sourceTree = "<group>";
		};
		0BDD85AF26C62C170002BBEF /* Landmarks */ = {
			isa = PBXGroup;
			children = (
				0BDD85B026C62C170002BBEF /* LandmarksApp.swift */,
				0BDD85B426C62C180002BBEF /* Assets.xcassets */,
				0BDD85B926C62C180002BBEF /* Info.plist */,
				0BFBC51426CB787B000F6EE4 /* Views */,
				0BFBC51526CB78C4000F6EE4 /* Model */,
				0BFBC51626CB78DA000F6EE4 /* Resources */,
				0BDD85B626C62C180002BBEF /* Preview Content */,
			);
			path = Landmarks;
			sourceTree = "<group>";
		};
		0BDD85B626C62C180002BBEF /* Preview Content */ = {
			isa = PBXGroup;
			children = (
				0BDD85B726C62C180002BBEF /* Preview Assets.xcassets */,
			);
			path = "Preview Content";
			sourceTree = "<group>";
		};
		0BF8C1AE26CC98E400110137 /* Landmarks */ = {
			isa = PBXGroup;
			children = (
				0BFBC51926CB7A3D000F6EE4 /* LandmarkList.swift */,
				0BFBC51726CB793B000F6EE4 /* LandmarkRow.swift */,
				0BFBC51B26CB7B02000F6EE4 /* LandmarkDetail.swift */,
			);
			path = Landmarks;
			sourceTree = "<group>";
		};
		0BF8C1B026CC991A00110137 /* Helpers */ = {
			isa = PBXGroup;
			children = (
				0B1C3E1526C663FC00157194 /* CircleImage.swift */,
				0BE63BF026C7658E00FFB416 /* MapView.swift */,
				0BF8C1AC26CC984E00110137 /* FavoriteButton.swift */,
			);
			path = Helpers;
			sourceTree = "<group>";
		};
		0BFBC51426CB787B000F6EE4 /* Views */ = {
			isa = PBXGroup;
			children = (
				0BDD85B226C62C170002BBEF /* ContentView.swift */,
				0B9D9DB126E1EB8F00054651 /* PageView */,
				0B6CD8A026DDFDC300252E9F /* Profiles */,
				0B6B778926D9E31000CC1520 /* Categories */,
				0B5DAED526D4C63B00880DC7 /* Badges */,
				0BF8C1AE26CC98E400110137 /* Landmarks */,
				0BF8C1B026CC991A00110137 /* Helpers */,
			);
			path = Views;
			sourceTree = "<group>";
		};
		0BFBC51526CB78C4000F6EE4 /* Model */ = {
			isa = PBXGroup;
			children = (
				0B2B66C226C7CD35005D2C4A /* ModelData.swift */,
				0B2B66C026C7CBE5005D2C4A /* Landmark.swift */,
				0BA4CD1026D8AA8B00C284D2 /* Hike.swift */,
				0B6CD89E26DDFD1900252E9F /* Profile.swift */,
			);
			path = Model;
			sourceTree = "<group>";
		};
		0BFBC51626CB78DA000F6EE4 /* Resources */ = {
			isa = PBXGroup;
			children = (
				0BA4CD1226D8AB8F00C284D2 /* Hikes */,
				0BA4CD0E26D8AA4C00C284D2 /* hikeData.json */,
				0B2B66BE26C7CBCD005D2C4A /* landmarkData.json */,
			);
			path = Resources;
			sourceTree = "<group>";
		};
/* End PBXGroup section */

/* Begin PBXNativeTarget section */
		0BCC9F9F26E5CD1500823B09 /* WatchLandmarks */ = {
			isa = PBXNativeTarget;
			buildConfigurationList = 0BCC9FC926E5CD1700823B09 /* Build configuration list for PBXNativeTarget "WatchLandmarks" */;
			buildPhases = (
				0BCC9F9E26E5CD1500823B09 /* Resources */,
				0BCC9FC526E5CD1700823B09 /* Embed App Extensions */,
			);
			buildRules = (
			);
			dependencies = (
				0BCC9FAC26E5CD1600823B09 /* PBXTargetDependency */,
			);
			name = WatchLandmarks;
			productName = WatchLandmarks;
			productReference = 0BCC9FA026E5CD1500823B09 /* WatchLandmarks.app */;
			productType = "com.apple.product-type.application.watchapp2";
		};
		0BCC9FA826E5CD1600823B09 /* WatchLandmarks Extension */ = {
			isa = PBXNativeTarget;
			buildConfigurationList = 0BCC9FC826E5CD1700823B09 /* Build configuration list for PBXNativeTarget "WatchLandmarks Extension" */;
			buildPhases = (
				0BCC9FA526E5CD1600823B09 /* Sources */,
				0BCC9FA626E5CD1600823B09 /* Frameworks */,
				0BCC9FA726E5CD1600823B09 /* Resources */,
			);
			buildRules = (
			);
			dependencies = (
			);
			name = "WatchLandmarks Extension";
			productName = "WatchLandmarks Extension";
			productReference = 0BCC9FA926E5CD1600823B09 /* WatchLandmarks Extension.appex */;
			productType = "com.apple.product-type.watchkit2-extension";
		};
		0BDD85AC26C62C170002BBEF /* Landmarks */ = {
			isa = PBXNativeTarget;
			buildConfigurationList = 0BDD85BC26C62C180002BBEF /* Build configuration list for PBXNativeTarget "Landmarks" */;
			buildPhases = (
				0BDD85A926C62C170002BBEF /* Sources */,
				0BDD85AA26C62C170002BBEF /* Frameworks */,
				0BDD85AB26C62C170002BBEF /* Resources */,
				0BCC9FC226E5CD1700823B09 /* Embed Watch Content */,
			);
			buildRules = (
			);
			dependencies = (
				0BCC9FC026E5CD1700823B09 /* PBXTargetDependency */,
			);
			name = Landmarks;
			productName = Landmarks;
			productReference = 0BDD85AD26C62C170002BBEF /* Landmarks.app */;
			productType = "com.apple.product-type.application";
		};
/* End PBXNativeTarget section */

/* Begin PBXProject section */
		0BDD85A526C62C170002BBEF /* Project object */ = {
			isa = PBXProject;
			attributes = {
				LastSwiftUpdateCheck = 1250;
				LastUpgradeCheck = 1250;
				TargetAttributes = {
					0BCC9F9F26E5CD1500823B09 = {
						CreatedOnToolsVersion = 12.5.1;
					};
					0BCC9FA826E5CD1600823B09 = {
						CreatedOnToolsVersion = 12.5.1;
					};
					0BDD85AC26C62C170002BBEF = {
						CreatedOnToolsVersion = 12.5.1;
					};
				};
			};
			buildConfigurationList = 0BDD85A826C62C170002BBEF /* Build configuration list for PBXProject "Landmarks" */;
			compatibilityVersion = "Xcode 9.3";
			developmentRegion = en;
			hasScannedForEncodings = 0;
			knownRegions = (
				en,
				Base,
			);
			mainGroup = 0BDD85A426C62C170002BBEF;
			productRefGroup = 0BDD85AE26C62C170002BBEF /* Products */;
			projectDirPath = "";
			projectRoot = "";
			targets = (
				0BDD85AC26C62C170002BBEF /* Landmarks */,
				0BCC9F9F26E5CD1500823B09 /* WatchLandmarks */,
				0BCC9FA826E5CD1600823B09 /* WatchLandmarks Extension */,
			);
		};
/* End PBXProject section */

/* Begin PBXResourcesBuildPhase section */
		0BCC9F9E26E5CD1500823B09 /* Resources */ = {
			isa = PBXResourcesBuildPhase;
			buildActionMask = 2147483647;
			files = (
				0BCC9FA326E5CD1600823B09 /* Assets.xcassets in Resources */,
			);
			runOnlyForDeploymentPostprocessing = 0;
		};
		0BCC9FA726E5CD1600823B09 /* Resources */ = {
			isa = PBXResourcesBuildPhase;
			buildActionMask = 2147483647;
			files = (
				0BCC9FBC26E5CD1700823B09 /* Preview Assets.xcassets in Resources */,
				0BCC9FB926E5CD1700823B09 /* Assets.xcassets in Resources */,
				0BCC9FCF26E5CE3F00823B09 /* Assets.xcassets in Resources */,
				0BCC9FCC26E5CE3F00823B09 /* landmarkData.json in Resources */,
				0BCC9FD026E5CE3F00823B09 /* hikeData.json in Resources */,
			);
			runOnlyForDeploymentPostprocessing = 0;
		};
		0BDD85AB26C62C170002BBEF /* Resources */ = {
			isa = PBXResourcesBuildPhase;
			buildActionMask = 2147483647;
			files = (
				0BA4CD0F26D8AA4C00C284D2 /* hikeData.json in Resources */,
				0BDD85B826C62C180002BBEF /* Preview Assets.xcassets in Resources */,
				0BDD85B526C62C180002BBEF /* Assets.xcassets in Resources */,
				0B2B66BF26C7CBCD005D2C4A /* landmarkData.json in Resources */,
			);
			runOnlyForDeploymentPostprocessing = 0;
		};
/* End PBXResourcesBuildPhase section */

/* Begin PBXSourcesBuildPhase section */
		0BCC9FA526E5CD1600823B09 /* Sources */ = {
			isa = PBXSourcesBuildPhase;
			buildActionMask = 2147483647;
			files = (
				0BCC9FB326E5CD1600823B09 /* NotificationController.swift in Sources */,
				0BCC9FD826E5D4D700823B09 /* LandmarksApp.swift in Sources */,
				0BCC9FCB26E5CE3F00823B09 /* Profile.swift in Sources */,
				0BCC9FD326E5CE3F00823B09 /* MapView.swift in Sources */,
				0BCC9FD526E5CE3F00823B09 /* Hike.swift in Sources */,
				0BCC9FCE26E5CE3F00823B09 /* Landmark.swift in Sources */,
				0BCC9FD726E5CEEC00823B09 /* LandmarkDetail.swift in Sources */,
				0BCC9FD426E5CE3F00823B09 /* ModelData.swift in Sources */,
				0BCC9FB126E5CD1600823B09 /* ContentView.swift in Sources */,
				0BCC9FD126E5CE3F00823B09 /* CircleImage.swift in Sources */,
				0BCC9FB726E5CD1600823B09 /* ComplicationController.swift in Sources */,
				0BCC9FB526E5CD1600823B09 /* NotificationView.swift in Sources */,
				0BCC9FD226E5CE3F00823B09 /* LandmarkRow.swift in Sources */,
				0BCC9FCA26E5CE3F00823B09 /* LandmarkList.swift in Sources */,
			);
			runOnlyForDeploymentPostprocessing = 0;
		};
		0BDD85A926C62C170002BBEF /* Sources */ = {
			isa = PBXSourcesBuildPhase;
			buildActionMask = 2147483647;
			files = (
				0B6B778D26D9E4FA00CC1520 /* CategoryRow.swift in Sources */,
				0B6CD89F26DDFD1900252E9F /* Profile.swift in Sources */,
				0BDD85B326C62C170002BBEF /* ContentView.swift in Sources */,
				0B6B778B26D9E33400CC1520 /* CategoryHome.swift in Sources */,
				0B9D9DB526E1ED6000054651 /* FeatureCard.swift in Sources */,
				0BA4CD1826D8AB8F00C284D2 /* HikeGraph.swift in Sources */,
				0B5DAED426D4C4EE00880DC7 /* Badge.swift in Sources */,
				0BE63BF126C7658E00FFB416 /* MapView.swift in Sources */,
				0BA4CD1726D8AB8F00C284D2 /* GraphCapsule.swift in Sources */,
				0BDD85B126C62C170002BBEF /* LandmarksApp.swift in Sources */,
				0B9D9DB926E1FEFF00054651 /* PageControl.swift in Sources */,
				0BF8C1AD26CC984E00110137 /* FavoriteButton.swift in Sources */,
				0B6B778F26D9EA2500CC1520 /* CategoryItem.swift in Sources */,
				0BA4CD1926D8AB8F00C284D2 /* HikeDetail.swift in Sources */,
				0B6CD8A426DDFE5300252E9F /* ProfileSummary.swift in Sources */,
				0B5DAECC26D4BF4A00880DC7 /* HexagonParameters.swift in Sources */,
				0B6CD8A226DDFDDD00252E9F /* ProfileHost.swift in Sources */,
				0BA4CD1126D8AA8B00C284D2 /* Hike.swift in Sources */,
				0B5DAED226D4C49E00880DC7 /* RotatedBadgeSymbol.swift in Sources */,
				0B9D9DB726E1EF7200054651 /* PageView.swift in Sources */,
				0B5DAED026D4C34000880DC7 /* BadgeSymbol.swift in Sources */,
				0B6CD8A826DE03C100252E9F /* ProfileEditor.swift in Sources */,
				0BFBC51A26CB7A3D000F6EE4 /* LandmarkList.swift in Sources */,
				0BA4CD1A26D8AB8F00C284D2 /* HikeView.swift in Sources */,
				0BFBC51C26CB7B02000F6EE4 /* LandmarkDetail.swift in Sources */,
				0B9D9DB326E1EBBC00054651 /* PageViewController.swift in Sources */,
				0B5DAECE26D4C02E00880DC7 /* BadgeBackground.swift in Sources */,
				0B6CD8A626DDFF5400252E9F /* HikeBadge.swift in Sources */,
				0B1C3E1626C663FC00157194 /* CircleImage.swift in Sources */,
				0B2B66C126C7CBE5005D2C4A /* Landmark.swift in Sources */,
				0BFBC51826CB793B000F6EE4 /* LandmarkRow.swift in Sources */,
				0B2B66C326C7CD35005D2C4A /* ModelData.swift in Sources */,
			);
			runOnlyForDeploymentPostprocessing = 0;
		};
/* End PBXSourcesBuildPhase section */

/* Begin PBXTargetDependency section */
		0BCC9FAC26E5CD1600823B09 /* PBXTargetDependency */ = {
			isa = PBXTargetDependency;
			target = 0BCC9FA826E5CD1600823B09 /* WatchLandmarks Extension */;
			targetProxy = 0BCC9FAB26E5CD1600823B09 /* PBXContainerItemProxy */;
		};
		0BCC9FC026E5CD1700823B09 /* PBXTargetDependency */ = {
			isa = PBXTargetDependency;
			target = 0BCC9F9F26E5CD1500823B09 /* WatchLandmarks */;
			targetProxy = 0BCC9FBF26E5CD1700823B09 /* PBXContainerItemProxy */;
		};
/* End PBXTargetDependency section */

/* Begin XCBuildConfiguration section */
		0BCC9FC326E5CD1700823B09 /* Debug */ = {
			isa = XCBuildConfiguration;
			buildSettings = {
				ALWAYS_EMBED_SWIFT_STANDARD_LIBRARIES = YES;
				ASSETCATALOG_COMPILER_APPICON_NAME = AppIcon;
				ASSETCATALOG_COMPILER_GLOBAL_ACCENT_COLOR_NAME = AccentColor;
				CODE_SIGN_STYLE = Automatic;
				IBSC_MODULE = WatchLandmarks_Extension;
				INFOPLIST_FILE = WatchLandmarks/Info.plist;
				PRODUCT_BUNDLE_IDENTIFIER = com.example.Landmarks.watchkitapp;
				PRODUCT_NAME = "$(TARGET_NAME)";
				SDKROOT = watchos;
				SKIP_INSTALL = YES;
				SWIFT_VERSION = 5.0;
				TARGETED_DEVICE_FAMILY = 4;
				WATCHOS_DEPLOYMENT_TARGET = 7.4;
			};
			name = Debug;
		};
		0BCC9FC426E5CD1700823B09 /* Release */ = {
			isa = XCBuildConfiguration;
			buildSettings = {
				ALWAYS_EMBED_SWIFT_STANDARD_LIBRARIES = YES;
				ASSETCATALOG_COMPILER_APPICON_NAME = AppIcon;
				ASSETCATALOG_COMPILER_GLOBAL_ACCENT_COLOR_NAME = AccentColor;
				CODE_SIGN_STYLE = Automatic;
				IBSC_MODULE = WatchLandmarks_Extension;
				INFOPLIST_FILE = WatchLandmarks/Info.plist;
				PRODUCT_BUNDLE_IDENTIFIER = com.example.Landmarks.watchkitapp;
				PRODUCT_NAME = "$(TARGET_NAME)";
				SDKROOT = watchos;
				SKIP_INSTALL = YES;
				SWIFT_VERSION = 5.0;
				TARGETED_DEVICE_FAMILY = 4;
				WATCHOS_DEPLOYMENT_TARGET = 7.4;
			};
			name = Release;
		};
		0BCC9FC626E5CD1700823B09 /* Debug */ = {
			isa = XCBuildConfiguration;
			buildSettings = {
				ASSETCATALOG_COMPILER_COMPLICATION_NAME = Complication;
				CODE_SIGN_STYLE = Automatic;
				DEVELOPMENT_ASSET_PATHS = "\"WatchLandmarks Extension/Preview Content\"";
				ENABLE_PREVIEWS = YES;
				INFOPLIST_FILE = "WatchLandmarks Extension/Info.plist";
				LD_RUNPATH_SEARCH_PATHS = (
					"$(inherited)",
					"@executable_path/Frameworks",
					"@executable_path/../../Frameworks",
				);
				PRODUCT_BUNDLE_IDENTIFIER = com.example.Landmarks.watchkitapp.watchkitextension;
				PRODUCT_NAME = "${TARGET_NAME}";
				SDKROOT = watchos;
				SKIP_INSTALL = YES;
				SWIFT_VERSION = 5.0;
				TARGETED_DEVICE_FAMILY = 4;
				WATCHOS_DEPLOYMENT_TARGET = 7.4;
			};
			name = Debug;
		};
		0BCC9FC726E5CD1700823B09 /* Release */ = {
			isa = XCBuildConfiguration;
			buildSettings = {
				ASSETCATALOG_COMPILER_COMPLICATION_NAME = Complication;
				CODE_SIGN_STYLE = Automatic;
				DEVELOPMENT_ASSET_PATHS = "\"WatchLandmarks Extension/Preview Content\"";
				ENABLE_PREVIEWS = YES;
				INFOPLIST_FILE = "WatchLandmarks Extension/Info.plist";
				LD_RUNPATH_SEARCH_PATHS = (
					"$(inherited)",
					"@executable_path/Frameworks",
					"@executable_path/../../Frameworks",
				);
				PRODUCT_BUNDLE_IDENTIFIER = com.example.Landmarks.watchkitapp.watchkitextension;
				PRODUCT_NAME = "${TARGET_NAME}";
				SDKROOT = watchos;
				SKIP_INSTALL = YES;
				SWIFT_VERSION = 5.0;
				TARGETED_DEVICE_FAMILY = 4;
				WATCHOS_DEPLOYMENT_TARGET = 7.4;
			};
			name = Release;
		};
		0BDD85BA26C62C180002BBEF /* Debug */ = {
			isa = XCBuildConfiguration;
			buildSettings = {
				ALWAYS_SEARCH_USER_PATHS = NO;
				CLANG_ANALYZER_NONNULL = YES;
				CLANG_ANALYZER_NUMBER_OBJECT_CONVERSION = YES_AGGRESSIVE;
				CLANG_CXX_LANGUAGE_STANDARD = "gnu++14";
				CLANG_CXX_LIBRARY = "libc++";
				CLANG_ENABLE_MODULES = YES;
				CLANG_ENABLE_OBJC_ARC = YES;
				CLANG_ENABLE_OBJC_WEAK = YES;
				CLANG_WARN_BLOCK_CAPTURE_AUTORELEASING = YES;
				CLANG_WARN_BOOL_CONVERSION = YES;
				CLANG_WARN_COMMA = YES;
				CLANG_WARN_CONSTANT_CONVERSION = YES;
				CLANG_WARN_DEPRECATED_OBJC_IMPLEMENTATIONS = YES;
				CLANG_WARN_DIRECT_OBJC_ISA_USAGE = YES_ERROR;
				CLANG_WARN_DOCUMENTATION_COMMENTS = YES;
				CLANG_WARN_EMPTY_BODY = YES;
				CLANG_WARN_ENUM_CONVERSION = YES;
				CLANG_WARN_INFINITE_RECURSION = YES;
				CLANG_WARN_INT_CONVERSION = YES;
				CLANG_WARN_NON_LITERAL_NULL_CONVERSION = YES;
				CLANG_WARN_OBJC_IMPLICIT_RETAIN_SELF = YES;
				CLANG_WARN_OBJC_LITERAL_CONVERSION = YES;
				CLANG_WARN_OBJC_ROOT_CLASS = YES_ERROR;
				CLANG_WARN_QUOTED_INCLUDE_IN_FRAMEWORK_HEADER = YES;
				CLANG_WARN_RANGE_LOOP_ANALYSIS = YES;
				CLANG_WARN_STRICT_PROTOTYPES = YES;
				CLANG_WARN_SUSPICIOUS_MOVE = YES;
				CLANG_WARN_UNGUARDED_AVAILABILITY = YES_AGGRESSIVE;
				CLANG_WARN_UNREACHABLE_CODE = YES;
				CLANG_WARN__DUPLICATE_METHOD_MATCH = YES;
				COPY_PHASE_STRIP = NO;
				DEBUG_INFORMATION_FORMAT = dwarf;
				ENABLE_STRICT_OBJC_MSGSEND = YES;
				ENABLE_TESTABILITY = YES;
				GCC_C_LANGUAGE_STANDARD = gnu11;
				GCC_DYNAMIC_NO_PIC = NO;
				GCC_NO_COMMON_BLOCKS = YES;
				GCC_OPTIMIZATION_LEVEL = 0;
				GCC_PREPROCESSOR_DEFINITIONS = (
					"DEBUG=1",
					"$(inherited)",
				);
				GCC_WARN_64_TO_32_BIT_CONVERSION = YES;
				GCC_WARN_ABOUT_RETURN_TYPE = YES_ERROR;
				GCC_WARN_UNDECLARED_SELECTOR = YES;
				GCC_WARN_UNINITIALIZED_AUTOS = YES_AGGRESSIVE;
				GCC_WARN_UNUSED_FUNCTION = YES;
				GCC_WARN_UNUSED_VARIABLE = YES;
				IPHONEOS_DEPLOYMENT_TARGET = 14.5;
				MTL_ENABLE_DEBUG_INFO = INCLUDE_SOURCE;
				MTL_FAST_MATH = YES;
				ONLY_ACTIVE_ARCH = YES;
				SDKROOT = iphoneos;
				SWIFT_ACTIVE_COMPILATION_CONDITIONS = DEBUG;
				SWIFT_OPTIMIZATION_LEVEL = "-Onone";
			};
			name = Debug;
		};
		0BDD85BB26C62C180002BBEF /* Release */ = {
			isa = XCBuildConfiguration;
			buildSettings = {
				ALWAYS_SEARCH_USER_PATHS = NO;
				CLANG_ANALYZER_NONNULL = YES;
				CLANG_ANALYZER_NUMBER_OBJECT_CONVERSION = YES_AGGRESSIVE;
				CLANG_CXX_LANGUAGE_STANDARD = "gnu++14";
				CLANG_CXX_LIBRARY = "libc++";
				CLANG_ENABLE_MODULES = YES;
				CLANG_ENABLE_OBJC_ARC = YES;
				CLANG_ENABLE_OBJC_WEAK = YES;
				CLANG_WARN_BLOCK_CAPTURE_AUTORELEASING = YES;
				CLANG_WARN_BOOL_CONVERSION = YES;
				CLANG_WARN_COMMA = YES;
				CLANG_WARN_CONSTANT_CONVERSION = YES;
				CLANG_WARN_DEPRECATED_OBJC_IMPLEMENTATIONS = YES;
				CLANG_WARN_DIRECT_OBJC_ISA_USAGE = YES_ERROR;
				CLANG_WARN_DOCUMENTATION_COMMENTS = YES;
				CLANG_WARN_EMPTY_BODY = YES;
				CLANG_WARN_ENUM_CONVERSION = YES;
				CLANG_WARN_INFINITE_RECURSION = YES;
				CLANG_WARN_INT_CONVERSION = YES;
				CLANG_WARN_NON_LITERAL_NULL_CONVERSION = YES;
				CLANG_WARN_OBJC_IMPLICIT_RETAIN_SELF = YES;
				CLANG_WARN_OBJC_LITERAL_CONVERSION = YES;
				CLANG_WARN_OBJC_ROOT_CLASS = YES_ERROR;
				CLANG_WARN_QUOTED_INCLUDE_IN_FRAMEWORK_HEADER = YES;
				CLANG_WARN_RANGE_LOOP_ANALYSIS = YES;
				CLANG_WARN_STRICT_PROTOTYPES = YES;
				CLANG_WARN_SUSPICIOUS_MOVE = YES;
				CLANG_WARN_UNGUARDED_AVAILABILITY = YES_AGGRESSIVE;
				CLANG_WARN_UNREACHABLE_CODE = YES;
				CLANG_WARN__DUPLICATE_METHOD_MATCH = YES;
				COPY_PHASE_STRIP = NO;
				DEBUG_INFORMATION_FORMAT = "dwarf-with-dsym";
				ENABLE_NS_ASSERTIONS = NO;
				ENABLE_STRICT_OBJC_MSGSEND = YES;
				GCC_C_LANGUAGE_STANDARD = gnu11;
				GCC_NO_COMMON_BLOCKS = YES;
				GCC_WARN_64_TO_32_BIT_CONVERSION = YES;
				GCC_WARN_ABOUT_RETURN_TYPE = YES_ERROR;
				GCC_WARN_UNDECLARED_SELECTOR = YES;
				GCC_WARN_UNINITIALIZED_AUTOS = YES_AGGRESSIVE;
				GCC_WARN_UNUSED_FUNCTION = YES;
				GCC_WARN_UNUSED_VARIABLE = YES;
				IPHONEOS_DEPLOYMENT_TARGET = 14.5;
				MTL_ENABLE_DEBUG_INFO = NO;
				MTL_FAST_MATH = YES;
				SDKROOT = iphoneos;
				SWIFT_COMPILATION_MODE = wholemodule;
				SWIFT_OPTIMIZATION_LEVEL = "-O";
				VALIDATE_PRODUCT = YES;
			};
			name = Release;
		};
		0BDD85BD26C62C180002BBEF /* Debug */ = {
			isa = XCBuildConfiguration;
			buildSettings = {
				ASSETCATALOG_COMPILER_APPICON_NAME = AppIcon;
				ASSETCATALOG_COMPILER_GLOBAL_ACCENT_COLOR_NAME = AccentColor;
				CODE_SIGN_STYLE = Automatic;
				DEVELOPMENT_ASSET_PATHS = "\"Landmarks/Preview Content\"";
				ENABLE_PREVIEWS = YES;
				INFOPLIST_FILE = Landmarks/Info.plist;
				IPHONEOS_DEPLOYMENT_TARGET = 14.0;
				LD_RUNPATH_SEARCH_PATHS = (
					"$(inherited)",
					"@executable_path/Frameworks",
				);
				PRODUCT_BUNDLE_IDENTIFIER = com.example.Landmarks;
				PRODUCT_NAME = "$(TARGET_NAME)";
				SWIFT_VERSION = 5.0;
				TARGETED_DEVICE_FAMILY = "1,2";
			};
			name = Debug;
		};
		0BDD85BE26C62C180002BBEF /* Release */ = {
			isa = XCBuildConfiguration;
			buildSettings = {
				ASSETCATALOG_COMPILER_APPICON_NAME = AppIcon;
				ASSETCATALOG_COMPILER_GLOBAL_ACCENT_COLOR_NAME = AccentColor;
				CODE_SIGN_STYLE = Automatic;
				DEVELOPMENT_ASSET_PATHS = "\"Landmarks/Preview Content\"";
				ENABLE_PREVIEWS = YES;
				INFOPLIST_FILE = Landmarks/Info.plist;
				IPHONEOS_DEPLOYMENT_TARGET = 14.0;
				LD_RUNPATH_SEARCH_PATHS = (
					"$(inherited)",
					"@executable_path/Frameworks",
				);
				PRODUCT_BUNDLE_IDENTIFIER = com.example.Landmarks;
				PRODUCT_NAME = "$(TARGET_NAME)";
				SWIFT_VERSION = 5.0;
				TARGETED_DEVICE_FAMILY = "1,2";
			};
			name = Release;
		};
/* End XCBuildConfiguration section */

/* Begin XCConfigurationList section */
		0BCC9FC826E5CD1700823B09 /* Build configuration list for PBXNativeTarget "WatchLandmarks Extension" */ = {
			isa = XCConfigurationList;
			buildConfigurations = (
				0BCC9FC626E5CD1700823B09 /* Debug */,
				0BCC9FC726E5CD1700823B09 /* Release */,
			);
			defaultConfigurationIsVisible = 0;
			defaultConfigurationName = Release;
		};
		0BCC9FC926E5CD1700823B09 /* Build configuration list for PBXNativeTarget "WatchLandmarks" */ = {
			isa = XCConfigurationList;
			buildConfigurations = (
				0BCC9FC326E5CD1700823B09 /* Debug */,
				0BCC9FC426E5CD1700823B09 /* Release */,
			);
			defaultConfigurationIsVisible = 0;
			defaultConfigurationName = Release;
		};
		0BDD85A826C62C170002BBEF /* Build configuration list for PBXProject "Landmarks" */ = {
			isa = XCConfigurationList;
			buildConfigurations = (
				0BDD85BA26C62C180002BBEF /* Debug */,
				0BDD85BB26C62C180002BBEF /* Release */,
			);
			defaultConfigurationIsVisible = 0;
			defaultConfigurationName = Release;
		};
		0BDD85BC26C62C180002BBEF /* Build configuration list for PBXNativeTarget "Landmarks" */ = {
			isa = XCConfigurationList;
			buildConfigurations = (
				0BDD85BD26C62C180002BBEF /* Debug */,
				0BDD85BE26C62C180002BBEF /* Release */,
			);
			defaultConfigurationIsVisible = 0;
			defaultConfigurationName = Release;
		};
/* End XCConfigurationList section */
	};
	rootObject = 0BDD85A526C62C170002BBEF /* Project object */;
}
